Microsoft Visual Studio Solution File, Format Version 12.00
# Visual Studio Version 16
VisualStudioVersion = 16.0.30404.54
MinimumVisualStudioVersion = 10.0.40219.1
Project("{FAE04EC0-301F-11D3-BF4B-00C04F79EFBC}") = "TgSharp.Generator", "TgSharp.Generator\TgSharp.Generator.csproj", "{9BE3B9D4-9FF6-4DC8-B9CC-EB2E3F390129}"
EndProject
Project("{FAE04EC0-301F-11D3-BF4B-00C04F79EFBC}") = "TgSharp.Tests", "TgSharp.Tests\TgSharp.Tests.csproj", "{DE5C0467-EE99-4734-95F2-EFF7A0B99924}"
EndProject
Project("{FAE04EC0-301F-11D3-BF4B-00C04F79EFBC}") = "TgSharp.Tests.VS", "TgSharp.Tests.VS\TgSharp.Tests.VS.csproj", "{AFFC3B00-3E4D-4327-8F7A-08EE41E0C8B7}"
EndProject
Project("{FAE04EC0-301F-11D3-BF4B-00C04F79EFBC}") = "TgSharp.Tests.NUnit", "TgSharp.Tests.NUnit\TgSharp.Tests.NUnit.csproj", "{E90B705B-19FA-43BA-B952-69957976D12C}"
EndProject
Project("{FAE04EC0-301F-11D3-BF4B-00C04F79EFBC}") = "TgSharp.Core", "TgSharp.Core\TgSharp.Core.csproj", "{6D916BF5-CF58-4F71-BC7A-5CBCB4FD0AD1}"
EndProject
Project("{FAE04EC0-301F-11D3-BF4B-00C04F79EFBC}") = "TgSharp.TL", "TgSharp.TL\TgSharp.TL.csproj", "{01B4EC9D-2D79-4A0E-B4A9-B24F072B2213}"
EndProject
Global
	GlobalSection(SolutionConfigurationPlatforms) = preSolution
		Debug|Any CPU = Debug|Any CPU
		Release|Any CPU = Release|Any CPU
	EndGlobalSection
	GlobalSection(ProjectConfigurationPlatforms) = postSolution
		{400D2544-1CC6-4D8A-A62C-2292D9947A16}.Debug|Any CPU.ActiveCfg = Debug|Any CPU
		{400D2544-1CC6-4D8A-A62C-2292D9947A16}.Debug|Any CPU.Build.0 = Debug|Any CPU
		{400D2544-1CC6-4D8A-A62C-2292D9947A16}.Release|Any CPU.ActiveCfg = Release|Any CPU
		{400D2544-1CC6-4D8A-A62C-2292D9947A16}.Release|Any CPU.Build.0 = Release|Any CPU
		{D6144517-91D2-4880-86DF-E9FF5D7F383A}.Debug|Any CPU.ActiveCfg = Debug|Any CPU
		{D6144517-91D2-4880-86DF-E9FF5D7F383A}.Debug|Any CPU.Build.0 = Debug|Any CPU
		{D6144517-91D2-4880-86DF-E9FF5D7F383A}.Release|Any CPU.ActiveCfg = Release|Any CPU
		{D6144517-91D2-4880-86DF-E9FF5D7F383A}.Release|Any CPU.Build.0 = Release|Any CPU
		{9BE3B9D4-9FF6-4DC8-B9CC-EB2E3F390129}.Debug|Any CPU.ActiveCfg = Debug|Any CPU
		{9BE3B9D4-9FF6-4DC8-B9CC-EB2E3F390129}.Debug|Any CPU.Build.0 = Debug|Any CPU
		{9BE3B9D4-9FF6-4DC8-B9CC-EB2E3F390129}.Release|Any CPU.ActiveCfg = Release|Any CPU
		{9BE3B9D4-9FF6-4DC8-B9CC-EB2E3F390129}.Release|Any CPU.Build.0 = Release|Any CPU
		{DE5C0467-EE99-4734-95F2-EFF7A0B99924}.Debug|Any CPU.ActiveCfg = Debug|Any CPU
		{DE5C0467-EE99-4734-95F2-EFF7A0B99924}.Debug|Any CPU.Build.0 = Debug|Any CPU
		{DE5C0467-EE99-4734-95F2-EFF7A0B99924}.Release|Any CPU.ActiveCfg = Release|Any CPU
		{DE5C0467-EE99-4734-95F2-EFF7A0B99924}.Release|Any CPU.Build.0 = Release|Any CPU
		{AFFC3B00-3E4D-4327-8F7A-08EE41E0C8B7}.Debug|Any CPU.ActiveCfg = Debug|Any CPU
		{AFFC3B00-3E4D-4327-8F7A-08EE41E0C8B7}.Debug|Any CPU.Build.0 = Debug|Any CPU
		{AFFC3B00-3E4D-4327-8F7A-08EE41E0C8B7}.Release|Any CPU.ActiveCfg = Release|Any CPU
		{AFFC3B00-3E4D-4327-8F7A-08EE41E0C8B7}.Release|Any CPU.Build.0 = Release|Any CPU
		{E90B705B-19FA-43BA-B952-69957976D12C}.Debug|Any CPU.ActiveCfg = Debug|Any CPU
		{E90B705B-19FA-43BA-B952-69957976D12C}.Debug|Any CPU.Build.0 = Debug|Any CPU
		{E90B705B-19FA-43BA-B952-69957976D12C}.Release|Any CPU.ActiveCfg = Release|Any CPU
		{E90B705B-19FA-43BA-B952-69957976D12C}.Release|Any CPU.Build.0 = Release|Any CPU
		{6D916BF5-CF58-4F71-BC7A-5CBCB4FD0AD1}.Debug|Any CPU.ActiveCfg = Debug|Any CPU
		{6D916BF5-CF58-4F71-BC7A-5CBCB4FD0AD1}.Debug|Any CPU.Build.0 = Debug|Any CPU
		{6D916BF5-CF58-4F71-BC7A-5CBCB4FD0AD1}.Release|Any CPU.ActiveCfg = Release|Any CPU
		{6D916BF5-CF58-4F71-BC7A-5CBCB4FD0AD1}.Release|Any CPU.Build.0 = Release|Any CPU
		{01B4EC9D-2D79-4A0E-B4A9-B24F072B2213}.Debug|Any CPU.ActiveCfg = Debug|Any CPU
		{01B4EC9D-2D79-4A0E-B4A9-B24F072B2213}.Debug|Any CPU.Build.0 = Debug|Any CPU
		{01B4EC9D-2D79-4A0E-B4A9-B24F072B2213}.Release|Any CPU.ActiveCfg = Release|Any CPU
		{01B4EC9D-2D79-4A0E-B4A9-B24F072B2213}.Release|Any CPU.Build.0 = Release|Any CPU
	EndGlobalSection
	GlobalSection(SolutionProperties) = preSolution
		HideSolutionNode = FALSE
	EndGlobalSection
	GlobalSection(ExtensibilityGlobals) = postSolution
		SolutionGuid = {892941D6-2647-46DA-A8AC-5695818C4CFA}
	EndGlobalSection
	GlobalSection(MonoDevelopProperties) = preSolution
		Policies = $0
		$0.TextStylePolicy = $1
		$1.inheritsSet = VisualStudio
		$1.inheritsScope = text/plain
		$1.scope = text/x-csharp
		$0.CSharpFormattingPolicy = $2
		$2.IndentSwitchBody = True
		$2.IndentBlocksInsideExpressions = True
		$2.AnonymousMethodBraceStyle = NextLine
		$2.PropertyBraceStyle = NextLine
		$2.PropertyGetBraceStyle = NextLine
		$2.PropertySetBraceStyle = NextLine
		$2.EventBraceStyle = NextLine
		$2.EventAddBraceStyle = NextLine
		$2.EventRemoveBraceStyle = NextLine
		$2.StatementBraceStyle = NextLine
		$2.ElseNewLinePlacement = NewLine
		$2.CatchNewLinePlacement = NewLine
		$2.FinallyNewLinePlacement = NewLine
		$2.WhileNewLinePlacement = DoNotCare
		$2.ArrayInitializerWrapping = DoNotChange
		$2.ArrayInitializerBraceStyle = NextLine
		$2.BeforeMethodDeclarationParentheses = False
		$2.BeforeMethodCallParentheses = False
		$2.BeforeConstructorDeclarationParentheses = False
		$2.NewLineBeforeConstructorInitializerColon = NewLine
		$2.NewLineAfterConstructorInitializerColon = SameLine
		$2.BeforeDelegateDeclarationParentheses = False
		$2.NewParentheses = False
		$2.SpacesBeforeBrackets = False
		$2.inheritsSet = Mono
		$2.inheritsScope = text/x-csharp
		$2.scope = text/x-csharp
	EndGlobalSection
EndGlobal
